Microsoft Visual Studio Solution File, Format Version 12.00
# Visual Studio Version 17
VisualStudioVersion = 17.5.2.0
MinimumVisualStudioVersion = 10.0.40219.1
Project("{FAE04EC0-301F-11D3-BF4B-00C04F79EFBC}") = "OldPhoneApp", "OldPhoneApp\OldPhoneApp.csproj", "{F50E47E3-9075-5A32-8117-3CB847584D9A}"
EndProject
Project("{FAE04EC0-301F-11D3-BF4B-00C04F79EFBC}") = "OldPhoneKeyPad.Tests", "OldPhoneKeyPad.Tests\OldPhoneKeyPad.Tests.csproj", "{4D038F92-7220-4D74-A337-D6B9970C7CCD}"
EndProject
Global
	GlobalSection(SolutionConfigurationPlatforms) = preSolution
		Debug|Any CPU = Debug|Any CPU
		Release|Any CPU = Release|Any CPU
	EndGlobalSection
	GlobalSection(ProjectConfigurationPlatforms) = postSolution
		{F50E47E3-9075-5A32-8117-3CB847584D9A}.Debug|Any CPU.ActiveCfg = Debug|Any CPU
		{F50E47E3-9075-5A32-8117-3CB847584D9A}.Debug|Any CPU.Build.0 = Debug|Any CPU
		{F50E47E3-9075-5A32-8117-3CB847584D9A}.Release|Any CPU.ActiveCfg = Release|Any CPU
		{F50E47E3-9075-5A32-8117-3CB847584D9A}.Release|Any CPU.Build.0 = Release|Any CPU
		{4D038F92-7220-4D74-A337-D6B9970C7CCD}.Debug|Any CPU.ActiveCfg = Debug|Any CPU
		{4D038F92-7220-4D74-A337-D6B9970C7CCD}.Debug|Any CPU.Build.0 = Debug|Any CPU
		{4D038F92-7220-4D74-A337-D6B9970C7CCD}.Release|Any CPU.ActiveCfg = Release|Any CPU
		{4D038F92-7220-4D74-A337-D6B9970C7CCD}.Release|Any CPU.Build.0 = Release|Any CPU
	EndGlobalSection
	GlobalSection(SolutionProperties) = preSolution
		HideSolutionNode = FALSE
	EndGlobalSection
	GlobalSection(ExtensibilityGlobals) = postSolution
		SolutionGuid = {153509A5-733C-4F95-AC63-C09180EE2357}
	EndGlobalSection
EndGlobal
